{
  "name": "fibbonacci-sequence-fauzein",
  "version": "1.0.0",
  "lockfileVersion": 3,
  "requires": true,
  "packages": {
    "": {
      "name": "fibbonacci-sequence-fauzein",
      "version": "1.0.0",
      "license": "ISC",
      "dependencies": {
        "fibbonacci-sequence-fauzein": "^1.0.0"
      }
    },
    "node_modules/fibbonacci-sequence-fauzein": {
      "version": "1.0.0",
      "resolved": "https://registry.npmjs.org/fibbonacci-sequence-fauzein/-/fibbonacci-sequence-fauzein-1.0.0.tgz",
      "integrity": "sha512-0ttEXt1HCZIN5gjvdpSILbk8bdarMlqzrFg1Iwo8LkpMC2n6CZvZok6GiitQUZXnwPNKU05Sz+Vu8jBmbJLz1g==",
      "license": "ISC"
    }
  }
}
